
Microsoft Visual Studio Solution File, Format Version 12.00
# Visual Studio Version 16
VisualStudioVersion = 16.0.30907.101
MinimumVisualStudioVersion = 10.0.40219.1
Project("{8BC9CEB8-8B4A-11D0-8D11-00A0C91BC942}") = "Client", "Client\Client.vcxproj", "{FBADAF05-FA55-453E-9EF9-1288811D32A4}"
EndProject
Global
	GlobalSection(SolutionConfigurationPlatforms) = preSolution
		Debug|x64 = Debug|x64
		Debug|x86 = Debug|x86
		Release|x64 = Release|x64
		Release|x86 = Release|x86
	EndGlobalSection
	GlobalSection(ProjectConfigurationPlatforms) = postSolution
		{FBADAF05-FA55-453E-9EF9-1288811D32A4}.Debug|x64.ActiveCfg = Debug|x64
		{FBADAF05-FA55-453E-9EF9-1288811D32A4}.Debug|x64.Build.0 = Debug|x64
		{FBADAF05-FA55-453E-9EF9-1288811D32A4}.Debug|x86.ActiveCfg = Debug|Win32
		{FBADAF05-FA55-453E-9EF9-1288811D32A4}.Debug|x86.Build.0 = Debug|Win32
		{FBADAF05-FA55-453E-9EF9-1288811D32A4}.Release|x64.ActiveCfg = Release|x64
		{FBADAF05-FA55-453E-9EF9-1288811D32A4}.Release|x64.Build.0 = Release|x64
		{FBADAF05-FA55-453E-9EF9-1288811D32A4}.Release|x86.ActiveCfg = Release|Win32
		{FBADAF05-FA55-453E-9EF9-1288811D32A4}.Release|x86.Build.0 = Release|Win32
	EndGlobalSection
	GlobalSection(SolutionProperties) = preSolution
		HideSolutionNode = FALSE
	EndGlobalSection
	GlobalSection(ExtensibilityGlobals) = postSolution
		SolutionGuid = {5F1AA0B4-8FD9-4FB5-9DF5-1ED679529B85}
	EndGlobalSection
EndGlobal
